
Microsoft Visual Studio Solution File, Format Version 12.00
# Visual Studio 15
VisualStudioVersion = 15.0.27004.2009
MinimumVisualStudioVersion = 10.0.40219.1
Project("{FAE04EC0-301F-11D3-BF4B-00C04F79EFBC}") = "biometria", "biometria\biometria.csproj", "{551D23B3-2A1F-44CE-9F47-0762373A638E}"
EndProject
Global
	GlobalSection(SolutionConfigurationPlatforms) = preSolution
		Debug|Any CPU = Debug|Any CPU
		Release|Any CPU = Release|Any CPU
	EndGlobalSection
	GlobalSection(ProjectConfigurationPlatforms) = postSolution
		{551D23B3-2A1F-44CE-9F47-0762373A638E}.Debug|Any CPU.ActiveCfg = Debug|Any CPU
		{551D23B3-2A1F-44CE-9F47-0762373A638E}.Debug|Any CPU.Build.0 = Debug|Any CPU
		{551D23B3-2A1F-44CE-9F47-0762373A638E}.Release|Any CPU.ActiveCfg = Release|Any CPU
		{551D23B3-2A1F-44CE-9F47-0762373A638E}.Release|Any CPU.Build.0 = Release|Any CPU
	EndGlobalSection
	GlobalSection(SolutionProperties) = preSolution
		HideSolutionNode = FALSE
	EndGlobalSection
	GlobalSection(ExtensibilityGlobals) = postSolution
		SolutionGuid = {4E9CBD6B-DE75-4575-9EBD-BD9F5E463406}
	EndGlobalSection
EndGlobal
